
Microsoft Visual Studio Solution File, Format Version 12.00
# Visual Studio Version 16
VisualStudioVersion = 16.0.30803.129
MinimumVisualStudioVersion = 10.0.40219.1
Project("{9A19103F-16F7-4668-BE54-9A1E7A4F7556}") = "Yuce.MulakatApi", "Yuce.MulakatApi\Yuce.MulakatApi.csproj", "{70B38C28-B8FD-4703-B38E-0980E0A90C3E}"
EndProject
Project("{9A19103F-16F7-4668-BE54-9A1E7A4F7556}") = "DO", "DO\DO.csproj", "{9F0D0A8A-F6C0-42B8-B7EF-AC26DB05CD85}"
EndProject
Project("{9A19103F-16F7-4668-BE54-9A1E7A4F7556}") = "DA", "DA\DA.csproj", "{585491EC-EC58-4EBA-B45A-16341F33F44F}"
EndProject
Global
	GlobalSection(SolutionConfigurationPlatforms) = preSolution
		Debug|Any CPU = Debug|Any CPU
		Release|Any CPU = Release|Any CPU
	EndGlobalSection
	GlobalSection(ProjectConfigurationPlatforms) = postSolution
		{70B38C28-B8FD-4703-B38E-0980E0A90C3E}.Debug|Any CPU.ActiveCfg = Debug|Any CPU
		{70B38C28-B8FD-4703-B38E-0980E0A90C3E}.Debug|Any CPU.Build.0 = Debug|Any CPU
		{70B38C28-B8FD-4703-B38E-0980E0A90C3E}.Release|Any CPU.ActiveCfg = Release|Any CPU
		{70B38C28-B8FD-4703-B38E-0980E0A90C3E}.Release|Any CPU.Build.0 = Release|Any CPU
		{9F0D0A8A-F6C0-42B8-B7EF-AC26DB05CD85}.Debug|Any CPU.ActiveCfg = Debug|Any CPU
		{9F0D0A8A-F6C0-42B8-B7EF-AC26DB05CD85}.Debug|Any CPU.Build.0 = Debug|Any CPU
		{9F0D0A8A-F6C0-42B8-B7EF-AC26DB05CD85}.Release|Any CPU.ActiveCfg = Release|Any CPU
		{9F0D0A8A-F6C0-42B8-B7EF-AC26DB05CD85}.Release|Any CPU.Build.0 = Release|Any CPU
		{585491EC-EC58-4EBA-B45A-16341F33F44F}.Debug|Any CPU.ActiveCfg = Debug|Any CPU
		{585491EC-EC58-4EBA-B45A-16341F33F44F}.Debug|Any CPU.Build.0 = Debug|Any CPU
		{585491EC-EC58-4EBA-B45A-16341F33F44F}.Release|Any CPU.ActiveCfg = Release|Any CPU
		{585491EC-EC58-4EBA-B45A-16341F33F44F}.Release|Any CPU.Build.0 = Release|Any CPU
	EndGlobalSection
	GlobalSection(SolutionProperties) = preSolution
		HideSolutionNode = FALSE
	EndGlobalSection
	GlobalSection(ExtensibilityGlobals) = postSolution
		VisualSVNWorkingCopyRoot = .
		SolutionGuid = {6055796F-4498-4ACE-9A7A-09E7155D4767}
	EndGlobalSection
EndGlobal
